
Microsoft Visual Studio Solution File, Format Version 12.00
# Visual Studio Version 17
VisualStudioVersion = 17.2.32616.157
MinimumVisualStudioVersion = 10.0.40219.1
Project("{9A19103F-16F7-4668-BE54-9A1E7A4F7556}") = "Api", "Api\Api.csproj", "{221C0FD3-EFE7-44EF-B46E-0E48A78E2135}"
EndProject
Project("{9A19103F-16F7-4668-BE54-9A1E7A4F7556}") = "DataAccess", "DataAccess\DataAccess.csproj", "{B0F86311-E48C-44C3-A402-980A1A13AFA1}"
EndProject
Project("{2150E333-8FDC-42A3-9474-1A3956D46DE8}") = "Solution Items", "Solution Items", "{40ACA3FE-40C6-44BB-94D6-E5EAB71A39FD}"
	ProjectSection(SolutionItems) = preProject
		docker-compose.yml = docker-compose.yml
	EndProjectSection
EndProject
Project("{FAE04EC0-301F-11D3-BF4B-00C04F79EFBC}") = "Test", "Test\Test.csproj", "{D450518E-CA06-4BDB-BF45-CDFB2754535F}"
EndProject
Global
	GlobalSection(SolutionConfigurationPlatforms) = preSolution
		Debug|Any CPU = Debug|Any CPU
		Release|Any CPU = Release|Any CPU
	EndGlobalSection
	GlobalSection(ProjectConfigurationPlatforms) = postSolution
		{221C0FD3-EFE7-44EF-B46E-0E48A78E2135}.Debug|Any CPU.ActiveCfg = Debug|Any CPU
		{221C0FD3-EFE7-44EF-B46E-0E48A78E2135}.Debug|Any CPU.Build.0 = Debug|Any CPU
		{221C0FD3-EFE7-44EF-B46E-0E48A78E2135}.Release|Any CPU.ActiveCfg = Release|Any CPU
		{221C0FD3-EFE7-44EF-B46E-0E48A78E2135}.Release|Any CPU.Build.0 = Release|Any CPU
		{B0F86311-E48C-44C3-A402-980A1A13AFA1}.Debug|Any CPU.ActiveCfg = Debug|Any CPU
		{B0F86311-E48C-44C3-A402-980A1A13AFA1}.Debug|Any CPU.Build.0 = Debug|Any CPU
		{B0F86311-E48C-44C3-A402-980A1A13AFA1}.Release|Any CPU.ActiveCfg = Release|Any CPU
		{B0F86311-E48C-44C3-A402-980A1A13AFA1}.Release|Any CPU.Build.0 = Release|Any CPU
		{D450518E-CA06-4BDB-BF45-CDFB2754535F}.Debug|Any CPU.ActiveCfg = Debug|Any CPU
		{D450518E-CA06-4BDB-BF45-CDFB2754535F}.Debug|Any CPU.Build.0 = Debug|Any CPU
		{D450518E-CA06-4BDB-BF45-CDFB2754535F}.Release|Any CPU.ActiveCfg = Release|Any CPU
		{D450518E-CA06-4BDB-BF45-CDFB2754535F}.Release|Any CPU.Build.0 = Release|Any CPU
	EndGlobalSection
	GlobalSection(SolutionProperties) = preSolution
		HideSolutionNode = FALSE
	EndGlobalSection
	GlobalSection(ExtensibilityGlobals) = postSolution
		SolutionGuid = {70B7C4BC-8854-4DA4-98CB-B9D2623A4BB6}
	EndGlobalSection
EndGlobal
